
Microsoft Visual Studio Solution File, Format Version 12.00
# Visual Studio 14
VisualStudioVersion = 14.0.23107.0
MinimumVisualStudioVersion = 10.0.40219.1
Project("{FAE04EC0-301F-11D3-BF4B-00C04F79EFBC}") = "TDD_S1.Domian", "TDD_S1.Domian\TDD_S1.Domian.csproj", "{1540C0DC-81ED-4FF2-B3C1-B18CC4FD7FE4}"
EndProject
Project("{FAE04EC0-301F-11D3-BF4B-00C04F79EFBC}") = "TDD_S1.Domian.Tests.Unit", "TDD_S1.Domian.Tests.nit\TDD_S1.Domian.Tests.Unit.csproj", "{2D7DC89E-4971-4849-895D-05B24BF127D6}"
EndProject
Global
	GlobalSection(SolutionConfigurationPlatforms) = preSolution
		Debug|Any CPU = Debug|Any CPU
		Release|Any CPU = Release|Any CPU
	EndGlobalSection
	GlobalSection(ProjectConfigurationPlatforms) = postSolution
		{1540C0DC-81ED-4FF2-B3C1-B18CC4FD7FE4}.Debug|Any CPU.ActiveCfg = Debug|Any CPU
		{1540C0DC-81ED-4FF2-B3C1-B18CC4FD7FE4}.Debug|Any CPU.Build.0 = Debug|Any CPU
		{1540C0DC-81ED-4FF2-B3C1-B18CC4FD7FE4}.Release|Any CPU.ActiveCfg = Release|Any CPU
		{1540C0DC-81ED-4FF2-B3C1-B18CC4FD7FE4}.Release|Any CPU.Build.0 = Release|Any CPU
		{2D7DC89E-4971-4849-895D-05B24BF127D6}.Debug|Any CPU.ActiveCfg = Debug|Any CPU
		{2D7DC89E-4971-4849-895D-05B24BF127D6}.Debug|Any CPU.Build.0 = Debug|Any CPU
		{2D7DC89E-4971-4849-895D-05B24BF127D6}.Release|Any CPU.ActiveCfg = Release|Any CPU
		{2D7DC89E-4971-4849-895D-05B24BF127D6}.Release|Any CPU.Build.0 = Release|Any CPU
	EndGlobalSection
	GlobalSection(SolutionProperties) = preSolution
		HideSolutionNode = FALSE
	EndGlobalSection
EndGlobal
